
Microsoft Visual Studio Solution File, Format Version 12.00
# Visual Studio Version 17
VisualStudioVersion = 17.7.34031.279
MinimumVisualStudioVersion = 10.0.40219.1
Project("{FAE04EC0-301F-11D3-BF4B-00C04F79EFBC}") = "ComponentFilesUpdater", "ComponentFilesUpdater\ComponentFilesUpdater.csproj", "{C6CC40EC-A7C1-4C59-8323-72165F55691F}"
EndProject
Global
	GlobalSection(SolutionConfigurationPlatforms) = preSolution
		Debug|Any CPU = Debug|Any CPU
		Release|Any CPU = Release|Any CPU
	EndGlobalSection
	GlobalSection(ProjectConfigurationPlatforms) = postSolution
		{C6CC40EC-A7C1-4C59-8323-72165F55691F}.Debug|Any CPU.ActiveCfg = Debug|Any CPU
		{C6CC40EC-A7C1-4C59-8323-72165F55691F}.Debug|Any CPU.Build.0 = Debug|Any CPU
		{C6CC40EC-A7C1-4C59-8323-72165F55691F}.Release|Any CPU.ActiveCfg = Release|Any CPU
		{C6CC40EC-A7C1-4C59-8323-72165F55691F}.Release|Any CPU.Build.0 = Release|Any CPU
	EndGlobalSection
	GlobalSection(SolutionProperties) = preSolution
		HideSolutionNode = FALSE
	EndGlobalSection
	GlobalSection(ExtensibilityGlobals) = postSolution
		SolutionGuid = {888FF2E2-107C-4EF8-B54F-2E2CFC6E03F3}
	EndGlobalSection
EndGlobal
